
Microsoft Visual Studio Solution File, Format Version 12.00
# Visual Studio Version 16
VisualStudioVersion = 16.0.31911.196
MinimumVisualStudioVersion = 10.0.40219.1
Project("{FAE04EC0-301F-11D3-BF4B-00C04F79EFBC}") = "Lab11_WpfApp1", "Lab11_WpfApp1\Lab11_WpfApp1.csproj", "{4A223F92-888F-4C51-BAF0-6201D66BE9F5}"
EndProject
Project("{FAE04EC0-301F-11D3-BF4B-00C04F79EFBC}") = "Lab11_WpfApp2", "Lab11_WpfApp2\Lab11_WpfApp2.csproj", "{FB8A1419-6199-4008-B26E-D6E0304A0EE1}"
EndProject
Global
	GlobalSection(SolutionConfigurationPlatforms) = preSolution
		Debug|Any CPU = Debug|Any CPU
		Release|Any CPU = Release|Any CPU
	EndGlobalSection
	GlobalSection(ProjectConfigurationPlatforms) = postSolution
		{4A223F92-888F-4C51-BAF0-6201D66BE9F5}.Debug|Any CPU.ActiveCfg = Debug|Any CPU
		{4A223F92-888F-4C51-BAF0-6201D66BE9F5}.Debug|Any CPU.Build.0 = Debug|Any CPU
		{4A223F92-888F-4C51-BAF0-6201D66BE9F5}.Release|Any CPU.ActiveCfg = Release|Any CPU
		{4A223F92-888F-4C51-BAF0-6201D66BE9F5}.Release|Any CPU.Build.0 = Release|Any CPU
		{FB8A1419-6199-4008-B26E-D6E0304A0EE1}.Debug|Any CPU.ActiveCfg = Debug|Any CPU
		{FB8A1419-6199-4008-B26E-D6E0304A0EE1}.Debug|Any CPU.Build.0 = Debug|Any CPU
		{FB8A1419-6199-4008-B26E-D6E0304A0EE1}.Release|Any CPU.ActiveCfg = Release|Any CPU
		{FB8A1419-6199-4008-B26E-D6E0304A0EE1}.Release|Any CPU.Build.0 = Release|Any CPU
	EndGlobalSection
	GlobalSection(SolutionProperties) = preSolution
		HideSolutionNode = FALSE
	EndGlobalSection
	GlobalSection(ExtensibilityGlobals) = postSolution
		SolutionGuid = {9A657257-5CAA-4FB2-9F87-1179C4A670EE}
	EndGlobalSection
EndGlobal
